
Microsoft Visual Studio Solution File, Format Version 12.00
# Visual Studio 15
VisualStudioVersion = 15.0.26730.15
MinimumVisualStudioVersion = 10.0.40219.1
Project("{FAE04EC0-301F-11D3-BF4B-00C04F79EFBC}") = "DivisibleSumPairs", "DivisibleSumPairs\DivisibleSumPairs.csproj", "{10E85DF2-BB76-43BD-9A4D-3805CE19FA6E}"
EndProject
Global
	GlobalSection(SolutionConfigurationPlatforms) = preSolution
		Debug|Any CPU = Debug|Any CPU
		Release|Any CPU = Release|Any CPU
	EndGlobalSection
	GlobalSection(ProjectConfigurationPlatforms) = postSolution
		{10E85DF2-BB76-43BD-9A4D-3805CE19FA6E}.Debug|Any CPU.ActiveCfg = Debug|Any CPU
		{10E85DF2-BB76-43BD-9A4D-3805CE19FA6E}.Debug|Any CPU.Build.0 = Debug|Any CPU
		{10E85DF2-BB76-43BD-9A4D-3805CE19FA6E}.Release|Any CPU.ActiveCfg = Release|Any CPU
		{10E85DF2-BB76-43BD-9A4D-3805CE19FA6E}.Release|Any CPU.Build.0 = Release|Any CPU
	EndGlobalSection
	GlobalSection(SolutionProperties) = preSolution
		HideSolutionNode = FALSE
	EndGlobalSection
	GlobalSection(ExtensibilityGlobals) = postSolution
		SolutionGuid = {CB9C62D9-C0EC-4C89-BEC4-C2C01EC758A1}
	EndGlobalSection
EndGlobal
